
Microsoft Visual Studio Solution File, Format Version 12.00
# Visual Studio Express 2013 for Windows Desktop
VisualStudioVersion = 12.0.30723.0
MinimumVisualStudioVersion = 10.0.40219.1
Project("{2150E333-8FDC-42A3-9474-1A3956D46DE8}") = "Solution Items", "Solution Items", "{188C55E0-3B28-4528-AF7B-A587DE575D85}"
	ProjectSection(SolutionItems) = preProject
		FlickrNet.dll = FlickrNet.dll
	EndProjectSection
EndProject
Project("{FAE04EC0-301F-11D3-BF4B-00C04F79EFBC}") = "FlickerBatch-AlbumRetriever", "FlickerBatch-AlbumRetriever\FlickerBatch-AlbumRetriever.csproj", "{25C5EB9D-593B-4B14-9FB5-290F8E24D0AD}"
EndProject
Project("{FAE04EC0-301F-11D3-BF4B-00C04F79EFBC}") = "Flickr-UI", "Flickr-UI\Flickr-UI.csproj", "{84607AD9-14CB-404D-AB72-5DDF36C9335A}"
EndProject
Project("{FAE04EC0-301F-11D3-BF4B-00C04F79EFBC}") = "baseLibrary", "baseLibrary\baseLibrary.csproj", "{4DC2CB36-E435-4D01-84D5-24E908138492}"
EndProject
Global
	GlobalSection(SolutionConfigurationPlatforms) = preSolution
		Debug|Any CPU = Debug|Any CPU
		Release|Any CPU = Release|Any CPU
	EndGlobalSection
	GlobalSection(ProjectConfigurationPlatforms) = postSolution
		{25C5EB9D-593B-4B14-9FB5-290F8E24D0AD}.Debug|Any CPU.ActiveCfg = Debug|Any CPU
		{25C5EB9D-593B-4B14-9FB5-290F8E24D0AD}.Debug|Any CPU.Build.0 = Debug|Any CPU
		{25C5EB9D-593B-4B14-9FB5-290F8E24D0AD}.Release|Any CPU.ActiveCfg = Release|Any CPU
		{25C5EB9D-593B-4B14-9FB5-290F8E24D0AD}.Release|Any CPU.Build.0 = Release|Any CPU
		{84607AD9-14CB-404D-AB72-5DDF36C9335A}.Debug|Any CPU.ActiveCfg = Debug|Any CPU
		{84607AD9-14CB-404D-AB72-5DDF36C9335A}.Debug|Any CPU.Build.0 = Debug|Any CPU
		{84607AD9-14CB-404D-AB72-5DDF36C9335A}.Release|Any CPU.ActiveCfg = Release|Any CPU
		{84607AD9-14CB-404D-AB72-5DDF36C9335A}.Release|Any CPU.Build.0 = Release|Any CPU
		{4DC2CB36-E435-4D01-84D5-24E908138492}.Debug|Any CPU.ActiveCfg = Debug|Any CPU
		{4DC2CB36-E435-4D01-84D5-24E908138492}.Debug|Any CPU.Build.0 = Debug|Any CPU
		{4DC2CB36-E435-4D01-84D5-24E908138492}.Release|Any CPU.ActiveCfg = Release|Any CPU
		{4DC2CB36-E435-4D01-84D5-24E908138492}.Release|Any CPU.Build.0 = Release|Any CPU
	EndGlobalSection
	GlobalSection(SolutionProperties) = preSolution
		HideSolutionNode = FALSE
	EndGlobalSection
EndGlobal
